
Microsoft Visual Studio Solution File, Format Version 12.00
# Visual Studio Version 17
VisualStudioVersion = 17.0.31919.166
MinimumVisualStudioVersion = 10.0.40219.1
Project("{2150E333-8FDC-42A3-9474-1A3956D46DE8}") = "Solution Items", "Solution Items", "{380CE37E-8A52-4AFC-BAFE-EA600E76ED02}"
	ProjectSection(SolutionItems) = preProject
		.gitignore = .gitignore
		Directory.Build.props = Directory.Build.props
		.github\workflows\dotnet.yml = .github\workflows\dotnet.yml
		nuget-push.ps1 = nuget-push.ps1
		README.md = README.md
	EndProjectSection
EndProject
Project("{9A19103F-16F7-4668-BE54-9A1E7A4F7556}") = "Rido.MqttCore", "Rido.MqttCore\Rido.MqttCore.csproj", "{51ACE62B-A3F7-41BD-9CBC-0230CA42E3A6}"
EndProject
Project("{9A19103F-16F7-4668-BE54-9A1E7A4F7556}") = "Rido.Mqtt.HubClient", "Rido.Mqtt.HubClient\Rido.Mqtt.HubClient.csproj", "{3E4B02CE-F00E-40B1-B7CB-EF6DABD542C4}"
EndProject
Project("{2150E333-8FDC-42A3-9474-1A3956D46DE8}") = "tests", "tests", "{E501F8AE-4B5D-4FEC-BC00-F6B59A11B9A2}"
EndProject
Project("{2150E333-8FDC-42A3-9474-1A3956D46DE8}") = "samples", "samples", "{651B20FF-32E0-461D-8A43-B06C74CE9596}"
EndProject
Project("{2150E333-8FDC-42A3-9474-1A3956D46DE8}") = "mqtt-adapters", "mqtt-adapters", "{C7BED8C3-1C8F-48E0-A9C8-99DDF733428B}"
EndProject
Project("{9A19103F-16F7-4668-BE54-9A1E7A4F7556}") = "Rido.Mqtt.DpsClient", "Rido.Mqtt.DpsClient\Rido.Mqtt.DpsClient.csproj", "{2C8C97E1-0DF8-454C-BE4F-575E4DBB61DC}"
EndProject
Project("{9A19103F-16F7-4668-BE54-9A1E7A4F7556}") = "Rido.Mqtt.M2MAdapter", "mqtt-adapters\Rido.Mqtt.M2MAdapter\Rido.Mqtt.M2MAdapter.csproj", "{C29A34D2-6A9C-42E0-AC49-CDCCC0BA4F0E}"
EndProject
Project("{9A19103F-16F7-4668-BE54-9A1E7A4F7556}") = "Rido.Mqtt.MqttNet3Adapter", "mqtt-adapters\Rido.Mqtt.MqttNet3Adapter\Rido.Mqtt.MqttNet3Adapter.csproj", "{19E8DC0A-5C48-4605-9E15-85C4237B0E7C}"
EndProject
Project("{9A19103F-16F7-4668-BE54-9A1E7A4F7556}") = "Rido.Mqtt.MqttNet4Adapter", "mqtt-adapters\Rido.Mqtt.MqttNet4Adapter\Rido.Mqtt.MqttNet4Adapter.csproj", "{2CF1D5E4-EAC8-4974-97B7-850BD75943CE}"
EndProject
Project("{9A19103F-16F7-4668-BE54-9A1E7A4F7556}") = "layer1-sample", "samples\layer1-sample\layer1-sample.csproj", "{658C1DBC-791C-431A-A55E-D5A59BCF534B}"
EndProject
Project("{9A19103F-16F7-4668-BE54-9A1E7A4F7556}") = "layer2-sample", "samples\layer2-sample\layer2-sample.csproj", "{67A0FEA5-A11B-4512-BA87-5B8B8D7164E6}"
EndProject
Project("{9A19103F-16F7-4668-BE54-9A1E7A4F7556}") = "layer3-sample", "samples\layer3-sample\layer3-sample.csproj", "{C71876D0-2658-45BE-B684-2CBB84F5A37E}"
EndProject
Project("{9A19103F-16F7-4668-BE54-9A1E7A4F7556}") = "Rido.Mqtt.AwsClient", "Rido.Mqtt.AwsClient\Rido.Mqtt.AwsClient.csproj", "{C93E797F-6016-4DA7-87A9-730534786228}"
EndProject
Project("{9A19103F-16F7-4668-BE54-9A1E7A4F7556}") = "Rido.Mqtt.Client", "Rido.Mqtt.Client\Rido.Mqtt.Client.csproj", "{89B883E6-F13D-43EC-A79B-E9561AE4EBFE}"
EndProject
Project("{9A19103F-16F7-4668-BE54-9A1E7A4F7556}") = "Rido.Mqtt.IntergationTests", "tests\Rido.Mqtt.IntergationTests\Rido.Mqtt.IntergationTests.csproj", "{2902F629-934A-443D-B739-4F6D29FF005E}"
EndProject
Project("{9A19103F-16F7-4668-BE54-9A1E7A4F7556}") = "pnp-memmon-hive", "samples\pnp-memmon-hive\pnp-memmon-hive.csproj", "{72186A01-1A20-4042-B940-792A08CEC7B1}"
EndProject
Project("{9A19103F-16F7-4668-BE54-9A1E7A4F7556}") = "pnp-memmon-aws", "samples\pnp-memmon-aws\pnp-memmon-aws.csproj", "{FA6DECA5-9D99-4EB4-9093-1128BF8428B8}"
EndProject
Project("{9A19103F-16F7-4668-BE54-9A1E7A4F7556}") = "Rido.Mqtt.AzIoTClient", "Rido.Mqtt.AzIoTClient\Rido.Mqtt.AzIoTClient.csproj", "{CA2EEACF-B0BE-4799-921E-D8A9055633DA}"
EndProject
Project("{9A19103F-16F7-4668-BE54-9A1E7A4F7556}") = "pnp-memmon-hub", "samples\pnp-memmon-hub\pnp-memmon-hub.csproj", "{BEC9B305-0841-40B7-AA16-7EEF25CAAC46}"
EndProject
Project("{9A19103F-16F7-4668-BE54-9A1E7A4F7556}") = "adu-demo", "samples\adu-demo\adu-demo.csproj", "{EDB9067A-8845-48E5-91A2-073CCF9D8E8A}"
EndProject
Project("{9A19103F-16F7-4668-BE54-9A1E7A4F7556}") = "Rido.Mqtt.UnitTests", "tests\Rido.Mqtt.UnitTests\Rido.Mqtt.UnitTests.csproj", "{F02DDF99-95CC-48A6-9835-25CF3782F730}"
EndProject
Project("{9A19103F-16F7-4668-BE54-9A1E7A4F7556}") = "memmon", "samples\memmon\memmon.csproj", "{A9F84F79-FEB1-4D98-BF28-26A92490C8AC}"
EndProject
Global
	GlobalSection(SolutionConfigurationPlatforms) = preSolution
		Debug|Any CPU = Debug|Any CPU
		Release|Any CPU = Release|Any CPU
	EndGlobalSection
	GlobalSection(ProjectConfigurationPlatforms) = postSolution
		{51ACE62B-A3F7-41BD-9CBC-0230CA42E3A6}.Debug|Any CPU.ActiveCfg = Debug|Any CPU
		{51ACE62B-A3F7-41BD-9CBC-0230CA42E3A6}.Debug|Any CPU.Build.0 = Debug|Any CPU
		{51ACE62B-A3F7-41BD-9CBC-0230CA42E3A6}.Release|Any CPU.ActiveCfg = Release|Any CPU
		{51ACE62B-A3F7-41BD-9CBC-0230CA42E3A6}.Release|Any CPU.Build.0 = Release|Any CPU
		{3E4B02CE-F00E-40B1-B7CB-EF6DABD542C4}.Debug|Any CPU.ActiveCfg = Debug|Any CPU
		{3E4B02CE-F00E-40B1-B7CB-EF6DABD542C4}.Debug|Any CPU.Build.0 = Debug|Any CPU
		{3E4B02CE-F00E-40B1-B7CB-EF6DABD542C4}.Release|Any CPU.ActiveCfg = Release|Any CPU
		{3E4B02CE-F00E-40B1-B7CB-EF6DABD542C4}.Release|Any CPU.Build.0 = Release|Any CPU
		{2C8C97E1-0DF8-454C-BE4F-575E4DBB61DC}.Debug|Any CPU.ActiveCfg = Debug|Any CPU
		{2C8C97E1-0DF8-454C-BE4F-575E4DBB61DC}.Debug|Any CPU.Build.0 = Debug|Any CPU
		{2C8C97E1-0DF8-454C-BE4F-575E4DBB61DC}.Release|Any CPU.ActiveCfg = Release|Any CPU
		{2C8C97E1-0DF8-454C-BE4F-575E4DBB61DC}.Release|Any CPU.Build.0 = Release|Any CPU
		{C29A34D2-6A9C-42E0-AC49-CDCCC0BA4F0E}.Debug|Any CPU.ActiveCfg = Debug|Any CPU
		{C29A34D2-6A9C-42E0-AC49-CDCCC0BA4F0E}.Debug|Any CPU.Build.0 = Debug|Any CPU
		{C29A34D2-6A9C-42E0-AC49-CDCCC0BA4F0E}.Release|Any CPU.ActiveCfg = Release|Any CPU
		{C29A34D2-6A9C-42E0-AC49-CDCCC0BA4F0E}.Release|Any CPU.Build.0 = Release|Any CPU
		{19E8DC0A-5C48-4605-9E15-85C4237B0E7C}.Debug|Any CPU.ActiveCfg = Debug|Any CPU
		{19E8DC0A-5C48-4605-9E15-85C4237B0E7C}.Debug|Any CPU.Build.0 = Debug|Any CPU
		{19E8DC0A-5C48-4605-9E15-85C4237B0E7C}.Release|Any CPU.ActiveCfg = Release|Any CPU
		{19E8DC0A-5C48-4605-9E15-85C4237B0E7C}.Release|Any CPU.Build.0 = Release|Any CPU
		{2CF1D5E4-EAC8-4974-97B7-850BD75943CE}.Debug|Any CPU.ActiveCfg = Debug|Any CPU
		{2CF1D5E4-EAC8-4974-97B7-850BD75943CE}.Debug|Any CPU.Build.0 = Debug|Any CPU
		{2CF1D5E4-EAC8-4974-97B7-850BD75943CE}.Release|Any CPU.ActiveCfg = Release|Any CPU
		{2CF1D5E4-EAC8-4974-97B7-850BD75943CE}.Release|Any CPU.Build.0 = Release|Any CPU
		{658C1DBC-791C-431A-A55E-D5A59BCF534B}.Debug|Any CPU.ActiveCfg = Debug|Any CPU
		{658C1DBC-791C-431A-A55E-D5A59BCF534B}.Debug|Any CPU.Build.0 = Debug|Any CPU
		{658C1DBC-791C-431A-A55E-D5A59BCF534B}.Release|Any CPU.ActiveCfg = Release|Any CPU
		{658C1DBC-791C-431A-A55E-D5A59BCF534B}.Release|Any CPU.Build.0 = Release|Any CPU
		{67A0FEA5-A11B-4512-BA87-5B8B8D7164E6}.Debug|Any CPU.ActiveCfg = Debug|Any CPU
		{67A0FEA5-A11B-4512-BA87-5B8B8D7164E6}.Debug|Any CPU.Build.0 = Debug|Any CPU
		{67A0FEA5-A11B-4512-BA87-5B8B8D7164E6}.Release|Any CPU.ActiveCfg = Release|Any CPU
		{67A0FEA5-A11B-4512-BA87-5B8B8D7164E6}.Release|Any CPU.Build.0 = Release|Any CPU
		{C71876D0-2658-45BE-B684-2CBB84F5A37E}.Debug|Any CPU.ActiveCfg = Debug|Any CPU
		{C71876D0-2658-45BE-B684-2CBB84F5A37E}.Debug|Any CPU.Build.0 = Debug|Any CPU
		{C71876D0-2658-45BE-B684-2CBB84F5A37E}.Release|Any CPU.ActiveCfg = Release|Any CPU
		{C71876D0-2658-45BE-B684-2CBB84F5A37E}.Release|Any CPU.Build.0 = Release|Any CPU
		{C93E797F-6016-4DA7-87A9-730534786228}.Debug|Any CPU.ActiveCfg = Debug|Any CPU
		{C93E797F-6016-4DA7-87A9-730534786228}.Debug|Any CPU.Build.0 = Debug|Any CPU
		{C93E797F-6016-4DA7-87A9-730534786228}.Release|Any CPU.ActiveCfg = Release|Any CPU
		{C93E797F-6016-4DA7-87A9-730534786228}.Release|Any CPU.Build.0 = Release|Any CPU
		{89B883E6-F13D-43EC-A79B-E9561AE4EBFE}.Debug|Any CPU.ActiveCfg = Debug|Any CPU
		{89B883E6-F13D-43EC-A79B-E9561AE4EBFE}.Debug|Any CPU.Build.0 = Debug|Any CPU
		{89B883E6-F13D-43EC-A79B-E9561AE4EBFE}.Release|Any CPU.ActiveCfg = Release|Any CPU
		{89B883E6-F13D-43EC-A79B-E9561AE4EBFE}.Release|Any CPU.Build.0 = Release|Any CPU
		{2902F629-934A-443D-B739-4F6D29FF005E}.Debug|Any CPU.ActiveCfg = Debug|Any CPU
		{2902F629-934A-443D-B739-4F6D29FF005E}.Debug|Any CPU.Build.0 = Debug|Any CPU
		{2902F629-934A-443D-B739-4F6D29FF005E}.Release|Any CPU.ActiveCfg = Release|Any CPU
		{2902F629-934A-443D-B739-4F6D29FF005E}.Release|Any CPU.Build.0 = Release|Any CPU
		{72186A01-1A20-4042-B940-792A08CEC7B1}.Debug|Any CPU.ActiveCfg = Debug|Any CPU
		{72186A01-1A20-4042-B940-792A08CEC7B1}.Debug|Any CPU.Build.0 = Debug|Any CPU
		{72186A01-1A20-4042-B940-792A08CEC7B1}.Release|Any CPU.ActiveCfg = Release|Any CPU
		{72186A01-1A20-4042-B940-792A08CEC7B1}.Release|Any CPU.Build.0 = Release|Any CPU
		{FA6DECA5-9D99-4EB4-9093-1128BF8428B8}.Debug|Any CPU.ActiveCfg = Debug|Any CPU
		{FA6DECA5-9D99-4EB4-9093-1128BF8428B8}.Debug|Any CPU.Build.0 = Debug|Any CPU
		{FA6DECA5-9D99-4EB4-9093-1128BF8428B8}.Release|Any CPU.ActiveCfg = Release|Any CPU
		{FA6DECA5-9D99-4EB4-9093-1128BF8428B8}.Release|Any CPU.Build.0 = Release|Any CPU
		{CA2EEACF-B0BE-4799-921E-D8A9055633DA}.Debug|Any CPU.ActiveCfg = Debug|Any CPU
		{CA2EEACF-B0BE-4799-921E-D8A9055633DA}.Debug|Any CPU.Build.0 = Debug|Any CPU
		{CA2EEACF-B0BE-4799-921E-D8A9055633DA}.Release|Any CPU.ActiveCfg = Release|Any CPU
		{CA2EEACF-B0BE-4799-921E-D8A9055633DA}.Release|Any CPU.Build.0 = Release|Any CPU
		{BEC9B305-0841-40B7-AA16-7EEF25CAAC46}.Debug|Any CPU.ActiveCfg = Debug|Any CPU
		{BEC9B305-0841-40B7-AA16-7EEF25CAAC46}.Debug|Any CPU.Build.0 = Debug|Any CPU
		{BEC9B305-0841-40B7-AA16-7EEF25CAAC46}.Release|Any CPU.ActiveCfg = Release|Any CPU
		{BEC9B305-0841-40B7-AA16-7EEF25CAAC46}.Release|Any CPU.Build.0 = Release|Any CPU
		{EDB9067A-8845-48E5-91A2-073CCF9D8E8A}.Debug|Any CPU.ActiveCfg = Debug|Any CPU
		{EDB9067A-8845-48E5-91A2-073CCF9D8E8A}.Debug|Any CPU.Build.0 = Debug|Any CPU
		{EDB9067A-8845-48E5-91A2-073CCF9D8E8A}.Release|Any CPU.ActiveCfg = Release|Any CPU
		{EDB9067A-8845-48E5-91A2-073CCF9D8E8A}.Release|Any CPU.Build.0 = Release|Any CPU
		{F02DDF99-95CC-48A6-9835-25CF3782F730}.Debug|Any CPU.ActiveCfg = Debug|Any CPU
		{F02DDF99-95CC-48A6-9835-25CF3782F730}.Debug|Any CPU.Build.0 = Debug|Any CPU
		{F02DDF99-95CC-48A6-9835-25CF3782F730}.Release|Any CPU.ActiveCfg = Release|Any CPU
		{F02DDF99-95CC-48A6-9835-25CF3782F730}.Release|Any CPU.Build.0 = Release|Any CPU
		{A9F84F79-FEB1-4D98-BF28-26A92490C8AC}.Debug|Any CPU.ActiveCfg = Debug|Any CPU
		{A9F84F79-FEB1-4D98-BF28-26A92490C8AC}.Debug|Any CPU.Build.0 = Debug|Any CPU
		{A9F84F79-FEB1-4D98-BF28-26A92490C8AC}.Release|Any CPU.ActiveCfg = Release|Any CPU
		{A9F84F79-FEB1-4D98-BF28-26A92490C8AC}.Release|Any CPU.Build.0 = Release|Any CPU
	EndGlobalSection
	GlobalSection(SolutionProperties) = preSolution
		HideSolutionNode = FALSE
	EndGlobalSection
	GlobalSection(NestedProjects) = preSolution
		{C29A34D2-6A9C-42E0-AC49-CDCCC0BA4F0E} = {C7BED8C3-1C8F-48E0-A9C8-99DDF733428B}
		{19E8DC0A-5C48-4605-9E15-85C4237B0E7C} = {C7BED8C3-1C8F-48E0-A9C8-99DDF733428B}
		{2CF1D5E4-EAC8-4974-97B7-850BD75943CE} = {C7BED8C3-1C8F-48E0-A9C8-99DDF733428B}
		{658C1DBC-791C-431A-A55E-D5A59BCF534B} = {651B20FF-32E0-461D-8A43-B06C74CE9596}
		{67A0FEA5-A11B-4512-BA87-5B8B8D7164E6} = {651B20FF-32E0-461D-8A43-B06C74CE9596}
		{C71876D0-2658-45BE-B684-2CBB84F5A37E} = {651B20FF-32E0-461D-8A43-B06C74CE9596}
		{2902F629-934A-443D-B739-4F6D29FF005E} = {E501F8AE-4B5D-4FEC-BC00-F6B59A11B9A2}
		{72186A01-1A20-4042-B940-792A08CEC7B1} = {651B20FF-32E0-461D-8A43-B06C74CE9596}
		{FA6DECA5-9D99-4EB4-9093-1128BF8428B8} = {651B20FF-32E0-461D-8A43-B06C74CE9596}
		{BEC9B305-0841-40B7-AA16-7EEF25CAAC46} = {651B20FF-32E0-461D-8A43-B06C74CE9596}
		{EDB9067A-8845-48E5-91A2-073CCF9D8E8A} = {651B20FF-32E0-461D-8A43-B06C74CE9596}
		{F02DDF99-95CC-48A6-9835-25CF3782F730} = {E501F8AE-4B5D-4FEC-BC00-F6B59A11B9A2}
		{A9F84F79-FEB1-4D98-BF28-26A92490C8AC} = {651B20FF-32E0-461D-8A43-B06C74CE9596}
	EndGlobalSection
	GlobalSection(ExtensibilityGlobals) = postSolution
		SolutionGuid = {2E3758FF-3AA2-4D7E-A124-56FDC4E74DAB}
	EndGlobalSection
EndGlobal
