
Microsoft Visual Studio Solution File, Format Version 12.00
# Visual Studio Version 17
VisualStudioVersion = 17.0.31919.166
MinimumVisualStudioVersion = 10.0.40219.1
Project("{9A19103F-16F7-4668-BE54-9A1E7A4F7556}") = "pnp-announce-spike", "pnp-announce-spike\pnp-announce-spike.csproj", "{44F4764C-D964-488F-8360-DEE8921AC3A4}"
EndProject
Project("{9A19103F-16F7-4668-BE54-9A1E7A4F7556}") = "Rido.IoTClient", "Rido.IoTClient\Rido.IoTClient.csproj", "{A6870AFC-E893-4B7F-B8AD-F087EC49A58D}"
EndProject
Project("{9A19103F-16F7-4668-BE54-9A1E7A4F7556}") = "pnp-memmon", "pnp-memmon\pnp-memmon.csproj", "{CE98A769-0744-411D-B07F-B83FB2405842}"
EndProject
Project("{2150E333-8FDC-42A3-9474-1A3956D46DE8}") = "Solution Items", "Solution Items", "{380CE37E-8A52-4AFC-BAFE-EA600E76ED02}"
	ProjectSection(SolutionItems) = preProject
		.gitignore = .gitignore
		.github\workflows\dotnet.yml = .github\workflows\dotnet.yml
	EndProjectSection
EndProject
Project("{9A19103F-16F7-4668-BE54-9A1E7A4F7556}") = "Rido.IoTClient.Tests", "Rido.IoTClient.Tests\Rido.IoTClient.Tests.csproj", "{349D3251-7E38-42E1-BA47-DEDAC1AB5783}"
EndProject
Project("{9A19103F-16F7-4668-BE54-9A1E7A4F7556}") = "pnp-memmon-component", "pnp-memmon-component\pnp-memmon-component.csproj", "{A593C79F-EB11-463A-B27B-E5BFD497BB87}"
EndProject
Project("{9A19103F-16F7-4668-BE54-9A1E7A4F7556}") = "Rido.IoTClient.IntegrationTests", "Rido.IoTClient.IntegrationTests\Rido.IoTClient.IntegrationTests.csproj", "{5DE48804-DF56-4651-ACF7-83FAD1FF30E7}"
EndProject
Project("{9A19103F-16F7-4668-BE54-9A1E7A4F7556}") = "pnp-generic-client", "pnp-generic-client\pnp-generic-client.csproj", "{C2D91963-1EA1-4D23-BA7C-AC881E498EB3}"
EndProject
Project("{9A19103F-16F7-4668-BE54-9A1E7A4F7556}") = "pnp-aws-sample", "pnp-aws-sample\pnp-aws-sample.csproj", "{A6347AC3-0139-4207-9211-DB28726B43D5}"
EndProject
Project("{FAE04EC0-301F-11D3-BF4B-00C04F79EFBC}") = "pnp-temperature-controller", "pnp-temperature-controller\pnp-temperature-controller.csproj", "{617D150A-79DB-499F-A345-6DEE6E3D58EC}"
EndProject
Global
	GlobalSection(SolutionConfigurationPlatforms) = preSolution
		Debug|Any CPU = Debug|Any CPU
		Release|Any CPU = Release|Any CPU
	EndGlobalSection
	GlobalSection(ProjectConfigurationPlatforms) = postSolution
		{44F4764C-D964-488F-8360-DEE8921AC3A4}.Debug|Any CPU.ActiveCfg = Debug|Any CPU
		{44F4764C-D964-488F-8360-DEE8921AC3A4}.Debug|Any CPU.Build.0 = Debug|Any CPU
		{44F4764C-D964-488F-8360-DEE8921AC3A4}.Release|Any CPU.ActiveCfg = Release|Any CPU
		{44F4764C-D964-488F-8360-DEE8921AC3A4}.Release|Any CPU.Build.0 = Release|Any CPU
		{A6870AFC-E893-4B7F-B8AD-F087EC49A58D}.Debug|Any CPU.ActiveCfg = Debug|Any CPU
		{A6870AFC-E893-4B7F-B8AD-F087EC49A58D}.Debug|Any CPU.Build.0 = Debug|Any CPU
		{A6870AFC-E893-4B7F-B8AD-F087EC49A58D}.Release|Any CPU.ActiveCfg = Release|Any CPU
		{A6870AFC-E893-4B7F-B8AD-F087EC49A58D}.Release|Any CPU.Build.0 = Release|Any CPU
		{CE98A769-0744-411D-B07F-B83FB2405842}.Debug|Any CPU.ActiveCfg = Debug|Any CPU
		{CE98A769-0744-411D-B07F-B83FB2405842}.Debug|Any CPU.Build.0 = Debug|Any CPU
		{CE98A769-0744-411D-B07F-B83FB2405842}.Release|Any CPU.ActiveCfg = Release|Any CPU
		{CE98A769-0744-411D-B07F-B83FB2405842}.Release|Any CPU.Build.0 = Release|Any CPU
		{349D3251-7E38-42E1-BA47-DEDAC1AB5783}.Debug|Any CPU.ActiveCfg = Debug|Any CPU
		{349D3251-7E38-42E1-BA47-DEDAC1AB5783}.Debug|Any CPU.Build.0 = Debug|Any CPU
		{349D3251-7E38-42E1-BA47-DEDAC1AB5783}.Release|Any CPU.ActiveCfg = Release|Any CPU
		{349D3251-7E38-42E1-BA47-DEDAC1AB5783}.Release|Any CPU.Build.0 = Release|Any CPU
		{A593C79F-EB11-463A-B27B-E5BFD497BB87}.Debug|Any CPU.ActiveCfg = Debug|Any CPU
		{A593C79F-EB11-463A-B27B-E5BFD497BB87}.Debug|Any CPU.Build.0 = Debug|Any CPU
		{A593C79F-EB11-463A-B27B-E5BFD497BB87}.Release|Any CPU.ActiveCfg = Release|Any CPU
		{A593C79F-EB11-463A-B27B-E5BFD497BB87}.Release|Any CPU.Build.0 = Release|Any CPU
		{5DE48804-DF56-4651-ACF7-83FAD1FF30E7}.Debug|Any CPU.ActiveCfg = Debug|Any CPU
		{5DE48804-DF56-4651-ACF7-83FAD1FF30E7}.Debug|Any CPU.Build.0 = Debug|Any CPU
		{5DE48804-DF56-4651-ACF7-83FAD1FF30E7}.Release|Any CPU.ActiveCfg = Release|Any CPU
		{5DE48804-DF56-4651-ACF7-83FAD1FF30E7}.Release|Any CPU.Build.0 = Release|Any CPU
		{C2D91963-1EA1-4D23-BA7C-AC881E498EB3}.Debug|Any CPU.ActiveCfg = Debug|Any CPU
		{C2D91963-1EA1-4D23-BA7C-AC881E498EB3}.Debug|Any CPU.Build.0 = Debug|Any CPU
		{C2D91963-1EA1-4D23-BA7C-AC881E498EB3}.Release|Any CPU.ActiveCfg = Release|Any CPU
		{C2D91963-1EA1-4D23-BA7C-AC881E498EB3}.Release|Any CPU.Build.0 = Release|Any CPU
		{A6347AC3-0139-4207-9211-DB28726B43D5}.Debug|Any CPU.ActiveCfg = Debug|Any CPU
		{A6347AC3-0139-4207-9211-DB28726B43D5}.Debug|Any CPU.Build.0 = Debug|Any CPU
		{A6347AC3-0139-4207-9211-DB28726B43D5}.Release|Any CPU.ActiveCfg = Release|Any CPU
		{A6347AC3-0139-4207-9211-DB28726B43D5}.Release|Any CPU.Build.0 = Release|Any CPU
		{617D150A-79DB-499F-A345-6DEE6E3D58EC}.Debug|Any CPU.ActiveCfg = Debug|Any CPU
		{617D150A-79DB-499F-A345-6DEE6E3D58EC}.Debug|Any CPU.Build.0 = Debug|Any CPU
		{617D150A-79DB-499F-A345-6DEE6E3D58EC}.Release|Any CPU.ActiveCfg = Release|Any CPU
		{617D150A-79DB-499F-A345-6DEE6E3D58EC}.Release|Any CPU.Build.0 = Release|Any CPU
	EndGlobalSection
	GlobalSection(SolutionProperties) = preSolution
		HideSolutionNode = FALSE
	EndGlobalSection
	GlobalSection(ExtensibilityGlobals) = postSolution
		SolutionGuid = {2E3758FF-3AA2-4D7E-A124-56FDC4E74DAB}
	EndGlobalSection
EndGlobal
